
Microsoft Visual Studio Solution File, Format Version 12.00
# Visual Studio Version 17
VisualStudioVersion = 17.13.35818.85
MinimumVisualStudioVersion = 10.0.40219.1
Project("{FAE04EC0-301F-11D3-BF4B-00C04F79EFBC}") = "EntityFrameworkCore.Data", "EntityFrameworkCore.Data\EntityFrameworkCore.Data.csproj", "{50F1EC82-3B7A-4DA1-9769-C45612183593}"
EndProject
Project("{FAE04EC0-301F-11D3-BF4B-00C04F79EFBC}") = "EntityFrameworkCore.Domain", "EntityFrameworkCore.Domain\EntityFrameworkCore.Domain.csproj", "{8CAB9FC2-083B-4B2F-8843-F6E68D1D244B}"
EndProject
Project("{FAE04EC0-301F-11D3-BF4B-00C04F79EFBC}") = "EntityFrameworkCore.Console", "EntityFrameworkCore.Console\EntityFrameworkCore.Console.csproj", "{30F68FA5-53C2-4906-8C57-1ED3F2245AE3}"
EndProject
Project("{FAE04EC0-301F-11D3-BF4B-00C04F79EFBC}") = "EntityFrameworkCore.Api", "EntityFrameworkCore.Api\EntityFrameworkCore.Api.csproj", "{191C6663-C6D5-4FE7-B4A0-1991161D277A}"
EndProject
Global
	GlobalSection(SolutionConfigurationPlatforms) = preSolution
		Debug|Any CPU = Debug|Any CPU
		Release|Any CPU = Release|Any CPU
	EndGlobalSection
	GlobalSection(ProjectConfigurationPlatforms) = postSolution
		{50F1EC82-3B7A-4DA1-9769-C45612183593}.Debug|Any CPU.ActiveCfg = Debug|Any CPU
		{50F1EC82-3B7A-4DA1-9769-C45612183593}.Debug|Any CPU.Build.0 = Debug|Any CPU
		{50F1EC82-3B7A-4DA1-9769-C45612183593}.Release|Any CPU.ActiveCfg = Release|Any CPU
		{50F1EC82-3B7A-4DA1-9769-C45612183593}.Release|Any CPU.Build.0 = Release|Any CPU
		{8CAB9FC2-083B-4B2F-8843-F6E68D1D244B}.Debug|Any CPU.ActiveCfg = Debug|Any CPU
		{8CAB9FC2-083B-4B2F-8843-F6E68D1D244B}.Debug|Any CPU.Build.0 = Debug|Any CPU
		{8CAB9FC2-083B-4B2F-8843-F6E68D1D244B}.Release|Any CPU.ActiveCfg = Release|Any CPU
		{8CAB9FC2-083B-4B2F-8843-F6E68D1D244B}.Release|Any CPU.Build.0 = Release|Any CPU
		{30F68FA5-53C2-4906-8C57-1ED3F2245AE3}.Debug|Any CPU.ActiveCfg = Debug|Any CPU
		{30F68FA5-53C2-4906-8C57-1ED3F2245AE3}.Debug|Any CPU.Build.0 = Debug|Any CPU
		{30F68FA5-53C2-4906-8C57-1ED3F2245AE3}.Release|Any CPU.ActiveCfg = Release|Any CPU
		{30F68FA5-53C2-4906-8C57-1ED3F2245AE3}.Release|Any CPU.Build.0 = Release|Any CPU
		{191C6663-C6D5-4FE7-B4A0-1991161D277A}.Debug|Any CPU.ActiveCfg = Debug|Any CPU
		{191C6663-C6D5-4FE7-B4A0-1991161D277A}.Debug|Any CPU.Build.0 = Debug|Any CPU
		{191C6663-C6D5-4FE7-B4A0-1991161D277A}.Release|Any CPU.ActiveCfg = Release|Any CPU
		{191C6663-C6D5-4FE7-B4A0-1991161D277A}.Release|Any CPU.Build.0 = Release|Any CPU
	EndGlobalSection
	GlobalSection(SolutionProperties) = preSolution
		HideSolutionNode = FALSE
	EndGlobalSection
	GlobalSection(ExtensibilityGlobals) = postSolution
		SolutionGuid = {1915AF4D-F7CB-4B2C-B34B-DD2AA5C7E5AD}
	EndGlobalSection
EndGlobal
